
Microsoft Visual Studio Solution File, Format Version 12.00
# Visual Studio Version 16
VisualStudioVersion = 16.0.31205.134
MinimumVisualStudioVersion = 10.0.40219.1
Project("{FAE04EC0-301F-11D3-BF4B-00C04F79EFBC}") = "CSharpFundamentals", "CSharpFundamentals.csproj", "{E7999C2F-791C-4F77-8CB7-C0FBE9F0272B}"
EndProject
Project("{FAE04EC0-301F-11D3-BF4B-00C04F79EFBC}") = "Conditionals", "..\Conditionals\Conditionals.csproj", "{19637FB9-2C85-48C5-B65C-DDFBF9F9294D}"
EndProject
Global
	GlobalSection(SolutionConfigurationPlatforms) = preSolution
		Debug|Any CPU = Debug|Any CPU
		Release|Any CPU = Release|Any CPU
	EndGlobalSection
	GlobalSection(ProjectConfigurationPlatforms) = postSolution
		{E7999C2F-791C-4F77-8CB7-C0FBE9F0272B}.Debug|Any CPU.ActiveCfg = Debug|Any CPU
		{E7999C2F-791C-4F77-8CB7-C0FBE9F0272B}.Debug|Any CPU.Build.0 = Debug|Any CPU
		{E7999C2F-791C-4F77-8CB7-C0FBE9F0272B}.Release|Any CPU.ActiveCfg = Release|Any CPU
		{E7999C2F-791C-4F77-8CB7-C0FBE9F0272B}.Release|Any CPU.Build.0 = Release|Any CPU
		{19637FB9-2C85-48C5-B65C-DDFBF9F9294D}.Debug|Any CPU.ActiveCfg = Debug|Any CPU
		{19637FB9-2C85-48C5-B65C-DDFBF9F9294D}.Debug|Any CPU.Build.0 = Debug|Any CPU
		{19637FB9-2C85-48C5-B65C-DDFBF9F9294D}.Release|Any CPU.ActiveCfg = Release|Any CPU
		{19637FB9-2C85-48C5-B65C-DDFBF9F9294D}.Release|Any CPU.Build.0 = Release|Any CPU
	EndGlobalSection
	GlobalSection(SolutionProperties) = preSolution
		HideSolutionNode = FALSE
	EndGlobalSection
	GlobalSection(ExtensibilityGlobals) = postSolution
		SolutionGuid = {3E384932-19AB-4D27-8817-CA178AF15ABA}
	EndGlobalSection
EndGlobal
